// !$*UTF8*$!
{
	archiveVersion = 1;
	classes = {
	};
	objectVersion = 56;
	objects = {

/* Begin PBXBuildFile section */
		TS1000000000000000000001 /* AppDelegate.swift in Sources */ = {isa = PBXBuildFile; fileRef = TS2000000000000000000001 /* AppDelegate.swift */; };
		TS1000000000000000000002 /* SpaceSwitcher.swift in Sources */ = {isa = PBXBuildFile; fileRef = TS2000000000000000000007 /* SpaceSwitcher.swift */; };
		TS1000000000000000000003 /* HUDView.swift in Sources */ = {isa = PBXBuildFile; fileRef = TS2000000000000000000008 /* HUDView.swift */; };
		TS1000000000000000000004 /* HeadTiltMonitor.swift in Sources */ = {isa = PBXBuildFile; fileRef = TS2000000000000000000009 /* HeadTiltMonitor.swift */; };
		TS1000000000000000000005 /* SpaceSwitcherTests.swift in Sources */ = {isa = PBXBuildFile; fileRef = TS2000000000000000000006 /* SpaceSwitcherTests.swift */; };
		TS1000000000000000000006 /* AppMetadata.swift in Sources */ = {isa = PBXBuildFile; fileRef = TS2000000000000000000010 /* AppMetadata.swift */; };
		TS1000000000000000000007 /* Assets.xcassets in Resources */ = {isa = PBXBuildFile; fileRef = TS2000000000000000000011 /* Assets.xcassets */; };
		TS1000000000000000000008 /* AppMetadataTests.swift in Sources */ = {isa = PBXBuildFile; fileRef = TS2000000000000000000012 /* AppMetadataTests.swift */; };
/* End PBXBuildFile section */

/* Begin PBXFileReference section */
		TS2000000000000000000001 /* AppDelegate.swift */ = {isa = PBXFileReference; lastKnownFileType = sourcecode.swift; path = AppDelegate.swift; sourceTree = "<group>"; };
		TS2000000000000000000002 /* Info.plist */ = {isa = PBXFileReference; lastKnownFileType = text.plist.xml; path = Info.plist; sourceTree = "<group>"; };
		TS2000000000000000000003 /* TiltSwitch.entitlements */ = {isa = PBXFileReference; lastKnownFileType = text.plist.entitlements; path = TiltSwitch.entitlements; sourceTree = "<group>"; };
		TS2000000000000000000004 /* TiltSwitch.app */ = {isa = PBXFileReference; explicitFileType = wrapper.application; includeInIndex = 0; path = TiltSwitch.app; sourceTree = BUILT_PRODUCTS_DIR; };
		TS2000000000000000000005 /* TiltSwitchTests.xctest */ = {isa = PBXFileReference; explicitFileType = wrapper.cfbundle; includeInIndex = 0; path = TiltSwitchTests.xctest; sourceTree = BUILT_PRODUCTS_DIR; };
		TS2000000000000000000006 /* SpaceSwitcherTests.swift */ = {isa = PBXFileReference; lastKnownFileType = sourcecode.swift; path = SpaceSwitcherTests.swift; sourceTree = "<group>"; };
		TS2000000000000000000007 /* SpaceSwitcher.swift */ = {isa = PBXFileReference; lastKnownFileType = sourcecode.swift; path = SpaceSwitcher.swift; sourceTree = "<group>"; };
		TS2000000000000000000008 /* HUDView.swift */ = {isa = PBXFileReference; lastKnownFileType = sourcecode.swift; path = HUDView.swift; sourceTree = "<group>"; };
		TS2000000000000000000009 /* HeadTiltMonitor.swift */ = {isa = PBXFileReference; lastKnownFileType = sourcecode.swift; path = HeadTiltMonitor.swift; sourceTree = "<group>"; };
		TS2000000000000000000010 /* AppMetadata.swift */ = {isa = PBXFileReference; lastKnownFileType = sourcecode.swift; path = AppMetadata.swift; sourceTree = "<group>"; };
		TS2000000000000000000011 /* Assets.xcassets */ = {isa = PBXFileReference; lastKnownFileType = folder.assetcatalog; path = Assets.xcassets; sourceTree = "<group>"; };
		TS2000000000000000000012 /* AppMetadataTests.swift */ = {isa = PBXFileReference; lastKnownFileType = sourcecode.swift; path = AppMetadataTests.swift; sourceTree = "<group>"; };
/* End PBXFileReference section */

/* Begin PBXFrameworksBuildPhase section */
		TS3000000000000000000001 /* Frameworks */ = {
			isa = PBXFrameworksBuildPhase;
			buildActionMask = 2147483647;
			files = (
			);
			runOnlyForDeploymentPostprocessing = 0;
		};
		TS3000000000000000000002 /* Frameworks */ = {
			isa = PBXFrameworksBuildPhase;
			buildActionMask = 2147483647;
			files = (
			);
			runOnlyForDeploymentPostprocessing = 0;
		};
/* End PBXFrameworksBuildPhase section */

/* Begin PBXGroup section */
		TS4000000000000000000001 = {
			isa = PBXGroup;
			children = (
				TS4000000000000000000002 /* TiltSwitch */,
				TS4000000000000000000003 /* TiltSwitchTests */,
				TS4000000000000000000004 /* Products */,
			);
			sourceTree = "<group>";
		};
		TS4000000000000000000002 /* TiltSwitch */ = {
			isa = PBXGroup;
			children = (
				TS2000000000000000000001 /* AppDelegate.swift */,
				TS2000000000000000000010 /* AppMetadata.swift */,
				TS2000000000000000000009 /* HeadTiltMonitor.swift */,
				TS2000000000000000000007 /* SpaceSwitcher.swift */,
				TS2000000000000000000008 /* HUDView.swift */,
				TS2000000000000000000011 /* Assets.xcassets */,
				TS2000000000000000000002 /* Info.plist */,
				TS2000000000000000000003 /* TiltSwitch.entitlements */,
			);
			path = TiltSwitch;
			sourceTree = "<group>";
		};
		TS4000000000000000000003 /* TiltSwitchTests */ = {
			isa = PBXGroup;
			children = (
				TS2000000000000000000012 /* AppMetadataTests.swift */,
				TS2000000000000000000006 /* SpaceSwitcherTests.swift */,
			);
			path = TiltSwitchTests;
			sourceTree = "<group>";
		};
		TS4000000000000000000004 /* Products */ = {
			isa = PBXGroup;
			children = (
				TS2000000000000000000004 /* TiltSwitch.app */,
				TS2000000000000000000005 /* TiltSwitchTests.xctest */,
			);
			name = Products;
			sourceTree = "<group>";
		};
/* End PBXGroup section */

/* Begin PBXNativeTarget section */
		TS5000000000000000000001 /* TiltSwitch */ = {
			isa = PBXNativeTarget;
			buildConfigurationList = TS6000000000000000000001 /* Build configuration list for PBXNativeTarget "TiltSwitch" */;
			buildPhases = (
				TS7000000000000000000001 /* Sources */,
				TS3000000000000000000001 /* Frameworks */,
				TS8000000000000000000001 /* Resources */,
			);
			buildRules = (
			);
			dependencies = (
			);
			name = TiltSwitch;
			productName = TiltSwitch;
			productReference = TS2000000000000000000004 /* TiltSwitch.app */;
			productType = "com.apple.product-type.application";
		};
		TS5000000000000000000002 /* TiltSwitchTests */ = {
			isa = PBXNativeTarget;
			buildConfigurationList = TS6000000000000000000002 /* Build configuration list for PBXNativeTarget "TiltSwitchTests" */;
			buildPhases = (
				TS7000000000000000000002 /* Sources */,
				TS3000000000000000000002 /* Frameworks */,
				TS8000000000000000000002 /* Resources */,
			);
			buildRules = (
			);
			dependencies = (
				TS9000000000000000000001 /* PBXTargetDependency */,
			);
			name = TiltSwitchTests;
			productName = TiltSwitchTests;
			productReference = TS2000000000000000000005 /* TiltSwitchTests.xctest */;
			productType = "com.apple.product-type.bundle.unit-test";
		};
/* End PBXNativeTarget section */

/* Begin PBXProject section */
		TSA000000000000000000001 /* Project object */ = {
			isa = PBXProject;
			attributes = {
				BuildIndependentTargetsInParallel = 1;
				LastSwiftUpdateCheck = 1540;
				LastUpgradeCheck = 1540;
				TargetAttributes = {
					TS5000000000000000000001 = {
						CreatedOnToolsVersion = 15.4;
					};
					TS5000000000000000000002 = {
						CreatedOnToolsVersion = 15.4;
						TestTargetID = TS5000000000000000000001;
					};
				};
			};
			buildConfigurationList = TS6000000000000000000003 /* Build configuration list for PBXProject "TiltSwitch" */;
			compatibilityVersion = "Xcode 14.0";
			developmentRegion = en;
			hasScannedForEncodings = 0;
			knownRegions = (
				en,
				Base,
			);
			mainGroup = TS4000000000000000000001;
			productRefGroup = TS4000000000000000000004 /* Products */;
			projectDirPath = "";
			projectRoot = "";
			targets = (
				TS5000000000000000000001 /* TiltSwitch */,
				TS5000000000000000000002 /* TiltSwitchTests */,
			);
		};
/* End PBXProject section */

/* Begin PBXResourcesBuildPhase section */
		TS8000000000000000000001 /* Resources */ = {
			isa = PBXResourcesBuildPhase;
			buildActionMask = 2147483647;
			files = (
				TS1000000000000000000007 /* Assets.xcassets in Resources */,
			);
			runOnlyForDeploymentPostprocessing = 0;
		};
		TS8000000000000000000002 /* Resources */ = {
			isa = PBXResourcesBuildPhase;
			buildActionMask = 2147483647;
			files = (
			);
			runOnlyForDeploymentPostprocessing = 0;
		};
/* End PBXResourcesBuildPhase section */

/* Begin PBXSourcesBuildPhase section */
		TS7000000000000000000001 /* Sources */ = {
			isa = PBXSourcesBuildPhase;
			buildActionMask = 2147483647;
			files = (
				TS1000000000000000000001 /* AppDelegate.swift in Sources */,
				TS1000000000000000000006 /* AppMetadata.swift in Sources */,
				TS1000000000000000000004 /* HeadTiltMonitor.swift in Sources */,
				TS1000000000000000000002 /* SpaceSwitcher.swift in Sources */,
				TS1000000000000000000003 /* HUDView.swift in Sources */,
			);
			runOnlyForDeploymentPostprocessing = 0;
		};
		TS7000000000000000000002 /* Sources */ = {
			isa = PBXSourcesBuildPhase;
			buildActionMask = 2147483647;
			files = (
				TS1000000000000000000008 /* AppMetadataTests.swift in Sources */,
				TS1000000000000000000005 /* SpaceSwitcherTests.swift in Sources */,
			);
			runOnlyForDeploymentPostprocessing = 0;
		};
/* End PBXSourcesBuildPhase section */

/* Begin PBXTargetDependency section */
		TS9000000000000000000001 /* PBXTargetDependency */ = {
			isa = PBXTargetDependency;
			target = TS5000000000000000000001 /* TiltSwitch */;
			targetProxy = TS9000000000000000000002 /* PBXContainerItemProxy */;
		};
/* End PBXTargetDependency section */

/* Begin PBXContainerItemProxy section */
		TS9000000000000000000002 /* PBXContainerItemProxy */ = {
			isa = PBXContainerItemProxy;
			containerPortal = TSA000000000000000000001 /* Project object */;
			proxyType = 1;
			remoteGlobalIDString = TS5000000000000000000001;
			remoteInfo = TiltSwitch;
		};
/* End PBXContainerItemProxy section */

/* Begin XCBuildConfiguration section */
		TSB000000000000000000001 /* Debug */ = {
			isa = XCBuildConfiguration;
			buildSettings = {
				ALWAYS_SEARCH_USER_PATHS = NO;
				CLANG_ANALYZER_NONNULL = YES;
				CLANG_ANALYZER_NUMBER_OBJECT_CONVERSION = YES_AGGRESSIVE;
				CLANG_CXX_LANGUAGE_STANDARD = "gnu++20";
				CLANG_ENABLE_MODULES = YES;
				CLANG_ENABLE_OBJC_ARC = YES;
				CLANG_ENABLE_OBJC_WEAK = YES;
				CLANG_WARN_BLOCK_CAPTURE_AUTORELEASING = YES;
				CLANG_WARN_BOOL_CONVERSION = YES;
				CLANG_WARN_COMMA = YES;
				CLANG_WARN_CONSTANT_CONVERSION = YES;
				CLANG_WARN_DEPRECATED_OBJC_IMPLEMENTATIONS = YES;
				CLANG_WARN_DIRECT_OBJC_ISA_USAGE = YES_ERROR;
				CLANG_WARN_DOCUMENTATION_COMMENTS = YES;
				CLANG_WARN_EMPTY_BODY = YES;
				CLANG_WARN_ENUM_CONVERSION = YES;
				CLANG_WARN_INFINITE_RECURSION = YES;
				CLANG_WARN_INT_CONVERSION = YES;
				CLANG_WARN_NON_LITERAL_NULL_CONVERSION = YES;
				CLANG_WARN_OBJC_IMPLICIT_RETAIN_SELF = YES;
				CLANG_WARN_OBJC_LITERAL_CONVERSION = YES;
				CLANG_WARN_OBJC_ROOT_CLASS = YES_ERROR;
				CLANG_WARN_QUOTED_INCLUDE_IN_FRAMEWORK_HEADER = YES;
				CLANG_WARN_RANGE_LOOP_ANALYSIS = YES;
				CLANG_WARN_STRICT_PROTOTYPES = YES;
				CLANG_WARN_SUSPICIOUS_MOVE = YES;
				CLANG_WARN_UNGUARDED_AVAILABILITY = YES_AGGRESSIVE;
				CLANG_WARN_UNREACHABLE_CODE = YES;
				CLANG_WARN__DUPLICATE_METHOD_MATCH = YES;
				COPY_PHASE_STRIP = NO;
				DEBUG_INFORMATION_FORMAT = dwarf;
				ENABLE_STRICT_OBJC_MSGSEND = YES;
				ENABLE_TESTABILITY = YES;
				ENABLE_USER_SCRIPT_SANDBOXING = NO;
				GCC_C_LANGUAGE_STANDARD = gnu17;
				GCC_DYNAMIC_NO_PIC = NO;
				GCC_NO_COMMON_BLOCKS = YES;
				GCC_OPTIMIZATION_LEVEL = 0;
				GCC_PREPROCESSOR_DEFINITIONS = (
					"DEBUG=1",
					"$(inherited)",
				);
				GCC_WARN_64_TO_32_BIT_CONVERSION = YES;
				GCC_WARN_ABOUT_RETURN_TYPE = YES_ERROR;
				GCC_WARN_UNDECLARED_SELECTOR = YES;
				GCC_WARN_UNINITIALIZED_AUTOS = YES_AGGRESSIVE;
				GCC_WARN_UNUSED_FUNCTION = YES;
				GCC_WARN_UNUSED_VARIABLE = YES;
				ONLY_ACTIVE_ARCH = NO;
				SDKROOT = macosx;
				SWIFT_ACTIVE_COMPILATION_CONDITIONS = DEBUG;
				SWIFT_OPTIMIZATION_LEVEL = "-Onone";
			};
			name = Debug;
		};
		TSB000000000000000000002 /* Release */ = {
			isa = XCBuildConfiguration;
			buildSettings = {
				ALWAYS_SEARCH_USER_PATHS = NO;
				CLANG_ANALYZER_NONNULL = YES;
				CLANG_ANALYZER_NUMBER_OBJECT_CONVERSION = YES_AGGRESSIVE;
				CLANG_CXX_LANGUAGE_STANDARD = "gnu++20";
				CLANG_ENABLE_MODULES = YES;
				CLANG_ENABLE_OBJC_ARC = YES;
				CLANG_ENABLE_OBJC_WEAK = YES;
				CLANG_WARN_BLOCK_CAPTURE_AUTORELEASING = YES;
				CLANG_WARN_BOOL_CONVERSION = YES;
				CLANG_WARN_COMMA = YES;
				CLANG_WARN_CONSTANT_CONVERSION = YES;
				CLANG_WARN_DEPRECATED_OBJC_IMPLEMENTATIONS = YES;
				CLANG_WARN_DIRECT_OBJC_ISA_USAGE = YES_ERROR;
				CLANG_WARN_DOCUMENTATION_COMMENTS = YES;
				CLANG_WARN_EMPTY_BODY = YES;
				CLANG_WARN_ENUM_CONVERSION = YES;
				CLANG_WARN_INFINITE_RECURSION = YES;
				CLANG_WARN_INT_CONVERSION = YES;
				CLANG_WARN_NON_LITERAL_NULL_CONVERSION = YES;
				CLANG_WARN_OBJC_IMPLICIT_RETAIN_SELF = YES;
				CLANG_WARN_OBJC_LITERAL_CONVERSION = YES;
				CLANG_WARN_OBJC_ROOT_CLASS = YES_ERROR;
				CLANG_WARN_QUOTED_INCLUDE_IN_FRAMEWORK_HEADER = YES;
				CLANG_WARN_RANGE_LOOP_ANALYSIS = YES;
				CLANG_WARN_STRICT_PROTOTYPES = YES;
				CLANG_WARN_SUSPICIOUS_MOVE = YES;
				CLANG_WARN_UNGUARDED_AVAILABILITY = YES_AGGRESSIVE;
				CLANG_WARN_UNREACHABLE_CODE = YES;
				CLANG_WARN__DUPLICATE_METHOD_MATCH = YES;
				COPY_PHASE_STRIP = NO;
				DEBUG_INFORMATION_FORMAT = "dwarf-with-dsym";
				ENABLE_NS_ASSERTIONS = NO;
				ENABLE_STRICT_OBJC_MSGSEND = YES;
				ENABLE_USER_SCRIPT_SANDBOXING = NO;
				GCC_C_LANGUAGE_STANDARD = gnu17;
				GCC_NO_COMMON_BLOCKS = YES;
				GCC_WARN_64_TO_32_BIT_CONVERSION = YES;
				GCC_WARN_ABOUT_RETURN_TYPE = YES_ERROR;
				GCC_WARN_UNDECLARED_SELECTOR = YES;
				GCC_WARN_UNINITIALIZED_AUTOS = YES_AGGRESSIVE;
				GCC_WARN_UNUSED_FUNCTION = YES;
				GCC_WARN_UNUSED_VARIABLE = YES;
				ONLY_ACTIVE_ARCH = NO;
				SDKROOT = macosx;
				SWIFT_COMPILATION_MODE = wholemodule;
				SWIFT_OPTIMIZATION_LEVEL = "-O";
			};
			name = Release;
		};
		TSB000000000000000000003 /* Debug */ = {
			isa = XCBuildConfiguration;
			buildSettings = {
				ARCHS = "$(ARCHS_STANDARD)";
				ASSETCATALOG_COMPILER_APPICON_NAME = AppIcon;
				CODE_SIGN_ENTITLEMENTS = TiltSwitch/TiltSwitch.entitlements;
				CODE_SIGN_IDENTITY = "-";
				CODE_SIGN_STYLE = Manual;
				COMBINE_HIDPI_IMAGES = YES;
				CURRENT_PROJECT_VERSION = 2;
				DEVELOPMENT_ASSET_PATHS = "";
				DEVELOPMENT_LANGUAGE = en;
				ENABLE_PREVIEWS = YES;
				GENERATE_INFOPLIST_FILE = NO;
				INFOPLIST_FILE = TiltSwitch/Info.plist;
				LD_RUNPATH_SEARCH_PATHS = (
					"$(inherited)",
					"@executable_path/../Frameworks",
				);
				MACOSX_DEPLOYMENT_TARGET = 13.0;
				MARKETING_VERSION = 0.1.1;
				ONLY_ACTIVE_ARCH = NO;
				PRODUCT_BUNDLE_IDENTIFIER = com.boblebol.TiltSwitch;
				PRODUCT_BUNDLE_PACKAGE_TYPE = APPL;
				PRODUCT_NAME = "$(TARGET_NAME)";
				SWIFT_EMIT_LOC_STRINGS = YES;
				SWIFT_VERSION = 5.9;
			};
			name = Debug;
		};
		TSB000000000000000000004 /* Release */ = {
			isa = XCBuildConfiguration;
			buildSettings = {
				ARCHS = "$(ARCHS_STANDARD)";
				ASSETCATALOG_COMPILER_APPICON_NAME = AppIcon;
				CODE_SIGN_ENTITLEMENTS = TiltSwitch/TiltSwitch.entitlements;
				CODE_SIGN_IDENTITY = "-";
				CODE_SIGN_STYLE = Manual;
				COMBINE_HIDPI_IMAGES = YES;
				CURRENT_PROJECT_VERSION = 2;
				DEVELOPMENT_ASSET_PATHS = "";
				DEVELOPMENT_LANGUAGE = en;
				ENABLE_PREVIEWS = YES;
				GENERATE_INFOPLIST_FILE = NO;
				INFOPLIST_FILE = TiltSwitch/Info.plist;
				LD_RUNPATH_SEARCH_PATHS = (
					"$(inherited)",
					"@executable_path/../Frameworks",
				);
				MACOSX_DEPLOYMENT_TARGET = 13.0;
				MARKETING_VERSION = 0.1.1;
				ONLY_ACTIVE_ARCH = NO;
				PRODUCT_BUNDLE_IDENTIFIER = com.boblebol.TiltSwitch;
				PRODUCT_BUNDLE_PACKAGE_TYPE = APPL;
				PRODUCT_NAME = "$(TARGET_NAME)";
				SWIFT_EMIT_LOC_STRINGS = YES;
				SWIFT_VERSION = 5.9;
			};
			name = Release;
		};
		TSB000000000000000000005 /* Debug */ = {
			isa = XCBuildConfiguration;
			buildSettings = {
				ARCHS = "$(ARCHS_STANDARD)";
				BUNDLE_LOADER = "$(TEST_HOST)";
				CODE_SIGN_IDENTITY = "-";
				CODE_SIGN_STYLE = Manual;
				CURRENT_PROJECT_VERSION = 2;
				GENERATE_INFOPLIST_FILE = YES;
				LD_RUNPATH_SEARCH_PATHS = (
					"$(inherited)",
					"@executable_path/../Frameworks",
					"@loader_path/../Frameworks",
				);
				MACOSX_DEPLOYMENT_TARGET = 13.0;
				MARKETING_VERSION = 0.1.1;
				ONLY_ACTIVE_ARCH = NO;
				PRODUCT_BUNDLE_IDENTIFIER = com.boblebol.TiltSwitchTests;
				PRODUCT_NAME = "$(TARGET_NAME)";
				SWIFT_EMIT_LOC_STRINGS = NO;
				SWIFT_VERSION = 5.9;
				TEST_HOST = "$(BUILT_PRODUCTS_DIR)/TiltSwitch.app/Contents/MacOS/TiltSwitch";
			};
			name = Debug;
		};
		TSB000000000000000000006 /* Release */ = {
			isa = XCBuildConfiguration;
			buildSettings = {
				ARCHS = "$(ARCHS_STANDARD)";
				BUNDLE_LOADER = "$(TEST_HOST)";
				CODE_SIGN_IDENTITY = "-";
				CODE_SIGN_STYLE = Manual;
				CURRENT_PROJECT_VERSION = 2;
				GENERATE_INFOPLIST_FILE = YES;
				LD_RUNPATH_SEARCH_PATHS = (
					"$(inherited)",
					"@executable_path/../Frameworks",
					"@loader_path/../Frameworks",
				);
				MACOSX_DEPLOYMENT_TARGET = 13.0;
				MARKETING_VERSION = 0.1.1;
				ONLY_ACTIVE_ARCH = NO;
				PRODUCT_BUNDLE_IDENTIFIER = com.boblebol.TiltSwitchTests;
				PRODUCT_NAME = "$(TARGET_NAME)";
				SWIFT_EMIT_LOC_STRINGS = NO;
				SWIFT_VERSION = 5.9;
				TEST_HOST = "$(BUILT_PRODUCTS_DIR)/TiltSwitch.app/Contents/MacOS/TiltSwitch";
			};
			name = Release;
		};
/* End XCBuildConfiguration section */

/* Begin XCConfigurationList section */
		TS6000000000000000000001 /* Build configuration list for PBXNativeTarget "TiltSwitch" */ = {
			isa = XCConfigurationList;
			buildConfigurations = (
				TSB000000000000000000003 /* Debug */,
				TSB000000000000000000004 /* Release */,
			);
			defaultConfigurationIsVisible = 0;
			defaultConfigurationName = Release;
		};
		TS6000000000000000000002 /* Build configuration list for PBXNativeTarget "TiltSwitchTests" */ = {
			isa = XCConfigurationList;
			buildConfigurations = (
				TSB000000000000000000005 /* Debug */,
				TSB000000000000000000006 /* Release */,
			);
			defaultConfigurationIsVisible = 0;
			defaultConfigurationName = Release;
		};
		TS6000000000000000000003 /* Build configuration list for PBXProject "TiltSwitch" */ = {
			isa = XCConfigurationList;
			buildConfigurations = (
				TSB000000000000000000001 /* Debug */,
				TSB000000000000000000002 /* Release */,
			);
			defaultConfigurationIsVisible = 0;
			defaultConfigurationName = Release;
		};
/* End XCConfigurationList section */
	};
	rootObject = TSA000000000000000000001 /* Project object */;
}
